
Microsoft Visual Studio Solution File, Format Version 12.00
# Visual Studio Version 17
VisualStudioVersion = 17.11.35303.130
MinimumVisualStudioVersion = 10.0.40219.1
Project("{FAE04EC0-301F-11D3-BF4B-00C04F79EFBC}") = "BusinessObject", "BusinessObject\BusinessObject.csproj", "{8282A24E-2BBF-4381-98BB-1A6A53029EB2}"
EndProject
Project("{FAE04EC0-301F-11D3-BF4B-00C04F79EFBC}") = "DataAccessLayer", "DataAccessLayer\DataAccessLayer.csproj", "{73282EB5-6D3A-46D3-8145-04EBD7DBF634}"
EndProject
Project("{FAE04EC0-301F-11D3-BF4B-00C04F79EFBC}") = "Repositories", "Repositories\Repositories.csproj", "{FFC292C8-1BB7-4220-8DBF-2191120C201F}"
EndProject
Project("{FAE04EC0-301F-11D3-BF4B-00C04F79EFBC}") = "Services", "Services\Services.csproj", "{35F804EB-2BF1-49A5-A1D3-E522CD75DFEF}"
EndProject
Project("{FAE04EC0-301F-11D3-BF4B-00C04F79EFBC}") = "WpfApp", "WpfApp\WpfApp.csproj", "{3ECE248A-6A49-47B4-A4B5-561EC2DCF4E8}"
EndProject
Global
	GlobalSection(SolutionConfigurationPlatforms) = preSolution
		Debug|Any CPU = Debug|Any CPU
		Release|Any CPU = Release|Any CPU
	EndGlobalSection
	GlobalSection(ProjectConfigurationPlatforms) = postSolution
		{8282A24E-2BBF-4381-98BB-1A6A53029EB2}.Debug|Any CPU.ActiveCfg = Debug|Any CPU
		{8282A24E-2BBF-4381-98BB-1A6A53029EB2}.Debug|Any CPU.Build.0 = Debug|Any CPU
		{8282A24E-2BBF-4381-98BB-1A6A53029EB2}.Release|Any CPU.ActiveCfg = Release|Any CPU
		{8282A24E-2BBF-4381-98BB-1A6A53029EB2}.Release|Any CPU.Build.0 = Release|Any CPU
		{73282EB5-6D3A-46D3-8145-04EBD7DBF634}.Debug|Any CPU.ActiveCfg = Debug|Any CPU
		{73282EB5-6D3A-46D3-8145-04EBD7DBF634}.Debug|Any CPU.Build.0 = Debug|Any CPU
		{73282EB5-6D3A-46D3-8145-04EBD7DBF634}.Release|Any CPU.ActiveCfg = Release|Any CPU
		{73282EB5-6D3A-46D3-8145-04EBD7DBF634}.Release|Any CPU.Build.0 = Release|Any CPU
		{FFC292C8-1BB7-4220-8DBF-2191120C201F}.Debug|Any CPU.ActiveCfg = Debug|Any CPU
		{FFC292C8-1BB7-4220-8DBF-2191120C201F}.Debug|Any CPU.Build.0 = Debug|Any CPU
		{FFC292C8-1BB7-4220-8DBF-2191120C201F}.Release|Any CPU.ActiveCfg = Release|Any CPU
		{FFC292C8-1BB7-4220-8DBF-2191120C201F}.Release|Any CPU.Build.0 = Release|Any CPU
		{35F804EB-2BF1-49A5-A1D3-E522CD75DFEF}.Debug|Any CPU.ActiveCfg = Debug|Any CPU
		{35F804EB-2BF1-49A5-A1D3-E522CD75DFEF}.Debug|Any CPU.Build.0 = Debug|Any CPU
		{35F804EB-2BF1-49A5-A1D3-E522CD75DFEF}.Release|Any CPU.ActiveCfg = Release|Any CPU
		{35F804EB-2BF1-49A5-A1D3-E522CD75DFEF}.Release|Any CPU.Build.0 = Release|Any CPU
		{3ECE248A-6A49-47B4-A4B5-561EC2DCF4E8}.Debug|Any CPU.ActiveCfg = Debug|Any CPU
		{3ECE248A-6A49-47B4-A4B5-561EC2DCF4E8}.Debug|Any CPU.Build.0 = Debug|Any CPU
		{3ECE248A-6A49-47B4-A4B5-561EC2DCF4E8}.Release|Any CPU.ActiveCfg = Release|Any CPU
		{3ECE248A-6A49-47B4-A4B5-561EC2DCF4E8}.Release|Any CPU.Build.0 = Release|Any CPU
	EndGlobalSection
	GlobalSection(SolutionProperties) = preSolution
		HideSolutionNode = FALSE
	EndGlobalSection
	GlobalSection(ExtensibilityGlobals) = postSolution
		SolutionGuid = {86652D1F-A60A-4665-B5FB-C580BE723175}
	EndGlobalSection
EndGlobal
